{
  "name": "Fullstack-Inventory-App",
  "lockfileVersion": 3,
  "requires": true,
  "packages": {
    "": {
      "dependencies": {
        "momen": "^0.0.1-security"
      }
    },
    "node_modules/momen": {
      "version": "0.0.1-security",
      "resolved": "https://registry.npmjs.org/momen/-/momen-0.0.1-security.tgz",
      "integrity": "sha512-pFEyYVJ8FmAj6+WfCRZGVJKFI9I7XHS8jy2LdTuOPR8Qiq72rXGajxToS9E62DuJ3v4sFwcv2GnOVlhDWoCjVg=="
    }
  }
}
